
Microsoft Visual Studio Solution File, Format Version 12.00
# Visual Studio 15
VisualStudioVersion = 15.0.27130.2024
MinimumVisualStudioVersion = 10.0.40219.1
Project("{FAE04EC0-301F-11D3-BF4B-00C04F79EFBC}") = "WebApplication1", "WebApplication1\WebApplication1.csproj", "{A12F0E70-DC54-41E8-9AC0-252C00623A90}"
EndProject
Global
	GlobalSection(SolutionConfigurationPlatforms) = preSolution
		Debug|Any CPU = Debug|Any CPU
		Release|Any CPU = Release|Any CPU
	EndGlobalSection
	GlobalSection(ProjectConfigurationPlatforms) = postSolution
		{A12F0E70-DC54-41E8-9AC0-252C00623A90}.Debug|Any CPU.ActiveCfg = Debug|Any CPU
		{A12F0E70-DC54-41E8-9AC0-252C00623A90}.Debug|Any CPU.Build.0 = Debug|Any CPU
		{A12F0E70-DC54-41E8-9AC0-252C00623A90}.Release|Any CPU.ActiveCfg = Release|Any CPU
		{A12F0E70-DC54-41E8-9AC0-252C00623A90}.Release|Any CPU.Build.0 = Release|Any CPU
	EndGlobalSection
	GlobalSection(SolutionProperties) = preSolution
		HideSolutionNode = FALSE
	EndGlobalSection
	GlobalSection(ExtensibilityGlobals) = postSolution
		SolutionGuid = {8CB904F0-79CE-47A1-B736-ECC10D5631BF}
	EndGlobalSection
EndGlobal
